
Microsoft Visual Studio Solution File, Format Version 12.00
# Visual Studio 14
VisualStudioVersion = 14.0.24720.0
MinimumVisualStudioVersion = 10.0.40219.1
Project("{FAE04EC0-301F-11D3-BF4B-00C04F79EFBC}") = "DonateDataController", "DonateDataController\DonateDataController.csproj", "{56513497-DC8C-4720-A81F-39AEAD99653F}"
EndProject
Project("{FAE04EC0-301F-11D3-BF4B-00C04F79EFBC}") = "DonateDataUnitTest", "DonateDataUnitTest\DonateDataUnitTest.csproj", "{809E2051-D972-4E82-94F5-D7E9C06DC9EE}"
EndProject
Global
	GlobalSection(SolutionConfigurationPlatforms) = preSolution
		Debug|Any CPU = Debug|Any CPU
		Release|Any CPU = Release|Any CPU
	EndGlobalSection
	GlobalSection(ProjectConfigurationPlatforms) = postSolution
		{56513497-DC8C-4720-A81F-39AEAD99653F}.Debug|Any CPU.ActiveCfg = Debug|Any CPU
		{56513497-DC8C-4720-A81F-39AEAD99653F}.Debug|Any CPU.Build.0 = Debug|Any CPU
		{56513497-DC8C-4720-A81F-39AEAD99653F}.Release|Any CPU.ActiveCfg = Release|Any CPU
		{56513497-DC8C-4720-A81F-39AEAD99653F}.Release|Any CPU.Build.0 = Release|Any CPU
		{809E2051-D972-4E82-94F5-D7E9C06DC9EE}.Debug|Any CPU.ActiveCfg = Debug|Any CPU
		{809E2051-D972-4E82-94F5-D7E9C06DC9EE}.Debug|Any CPU.Build.0 = Debug|Any CPU
		{809E2051-D972-4E82-94F5-D7E9C06DC9EE}.Release|Any CPU.ActiveCfg = Release|Any CPU
		{809E2051-D972-4E82-94F5-D7E9C06DC9EE}.Release|Any CPU.Build.0 = Release|Any CPU
	EndGlobalSection
	GlobalSection(SolutionProperties) = preSolution
		HideSolutionNode = FALSE
	EndGlobalSection
EndGlobal
